{
  "name": "weblidom",
  "version": "1.0.0",
  "lockfileVersion": 2,
  "requires": true,
  "packages": {
    "": {
      "name": "weblidom",
      "version": "1.0.0",
      "license": "ISC",
      "dependencies": {
        "@uvarov.frontend/vanilla-calendar": "^2.7.0"
      }
    },
    "node_modules/@uvarov.frontend/vanilla-calendar": {
      "version": "2.7.0",
      "resolved": "https://registry.npmjs.org/@uvarov.frontend/vanilla-calendar/-/vanilla-calendar-2.7.0.tgz",
      "integrity": "sha512-fuZsfGiAnBKoiKTVxAXdZ/qNm8kK3SrEAe/RZfeQW0L9ZjXRcHwMjVWsyFhJALc+0D9q4xN08wGIohCCBBkD8A=="
    }
  },
  "dependencies": {
    "@uvarov.frontend/vanilla-calendar": {
      "version": "2.7.0",
      "resolved": "https://registry.npmjs.org/@uvarov.frontend/vanilla-calendar/-/vanilla-calendar-2.7.0.tgz",
      "integrity": "sha512-fuZsfGiAnBKoiKTVxAXdZ/qNm8kK3SrEAe/RZfeQW0L9ZjXRcHwMjVWsyFhJALc+0D9q4xN08wGIohCCBBkD8A=="
    }
  }
}
